// !$*UTF8*$!
{
	archiveVersion = 1;
	classes = {
	};
	objectVersion = 77;
	objects = {

/* Begin PBXContainerItemProxy section */
		22F03C8D2D4AAB2100B4621A /* PBXContainerItemProxy */ = {
			isa = PBXContainerItemProxy;
			containerPortal = 22F03C6E2D4AAB1B00B4621A /* Project object */;
			proxyType = 1;
			remoteGlobalIDString = 22F03C752D4AAB1B00B4621A;
			remoteInfo = "Traffic light";
		};
		22F03C972D4AAB2100B4621A /* PBXContainerItemProxy */ = {
			isa = PBXContainerItemProxy;
			containerPortal = 22F03C6E2D4AAB1B00B4621A /* Project object */;
			proxyType = 1;
			remoteGlobalIDString = 22F03C752D4AAB1B00B4621A;
			remoteInfo = "Traffic light";
		};
/* End PBXContainerItemProxy section */

/* Begin PBXFileReference section */
		22F03C762D4AAB1B00B4621A /* Traffic light.app */ = {isa = PBXFileReference; explicitFileType = wrapper.application; includeInIndex = 0; path = "Traffic light.app"; sourceTree = BUILT_PRODUCTS_DIR; };
		22F03C8C2D4AAB2100B4621A /* Traffic lightTests.xctest */ = {isa = PBXFileReference; explicitFileType = wrapper.cfbundle; includeInIndex = 0; path = "Traffic lightTests.xctest"; sourceTree = BUILT_PRODUCTS_DIR; };
		22F03C962D4AAB2100B4621A /* Traffic lightUITests.xctest */ = {isa = PBXFileReference; explicitFileType = wrapper.cfbundle; includeInIndex = 0; path = "Traffic lightUITests.xctest"; sourceTree = BUILT_PRODUCTS_DIR; };
/* End PBXFileReference section */

/* Begin PBXFileSystemSynchronizedBuildFileExceptionSet section */
		22F03C9E2D4AAB2100B4621A /* Exceptions for "Traffic light" folder in "Traffic light" target */ = {
			isa = PBXFileSystemSynchronizedBuildFileExceptionSet;
			membershipExceptions = (
				Info.plist,
			);
			target = 22F03C752D4AAB1B00B4621A /* Traffic light */;
		};
/* End PBXFileSystemSynchronizedBuildFileExceptionSet section */

/* Begin PBXFileSystemSynchronizedRootGroup section */
		22F03C782D4AAB1B00B4621A /* Traffic light */ = {
			isa = PBXFileSystemSynchronizedRootGroup;
			exceptions = (
				22F03C9E2D4AAB2100B4621A /* Exceptions for "Traffic light" folder in "Traffic light" target */,
			);
			path = "Traffic light";
			sourceTree = "<group>";
		};
		22F03C8F2D4AAB2100B4621A /* Traffic lightTests */ = {
			isa = PBXFileSystemSynchronizedRootGroup;
			path = "Traffic lightTests";
			sourceTree = "<group>";
		};
		22F03C992D4AAB2100B4621A /* Traffic lightUITests */ = {
			isa = PBXFileSystemSynchronizedRootGroup;
			path = "Traffic lightUITests";
			sourceTree = "<group>";
		};
/* End PBXFileSystemSynchronizedRootGroup section */

/* Begin PBXFrameworksBuildPhase section */
		22F03C732D4AAB1B00B4621A /* Frameworks */ = {
			isa = PBXFrameworksBuildPhase;
			buildActionMask = 2147483647;
			files = (
			);
			runOnlyForDeploymentPostprocessing = 0;
		};
		22F03C892D4AAB2100B4621A /* Frameworks */ = {
			isa = PBXFrameworksBuildPhase;
			buildActionMask = 2147483647;
			files = (
			);
			runOnlyForDeploymentPostprocessing = 0;
		};
		22F03C932D4AAB2100B4621A /* Frameworks */ = {
			isa = PBXFrameworksBuildPhase;
			buildActionMask = 2147483647;
			files = (
			);
			runOnlyForDeploymentPostprocessing = 0;
		};
/* End PBXFrameworksBuildPhase section */

/* Begin PBXGroup section */
		22F03C6D2D4AAB1B00B4621A = {
			isa = PBXGroup;
			children = (
				22F03C782D4AAB1B00B4621A /* Traffic light */,
				22F03C8F2D4AAB2100B4621A /* Traffic lightTests */,
				22F03C992D4AAB2100B4621A /* Traffic lightUITests */,
				22F03C772D4AAB1B00B4621A /* Products */,
			);
			sourceTree = "<group>";
		};
		22F03C772D4AAB1B00B4621A /* Products */ = {
			isa = PBXGroup;
			children = (
				22F03C762D4AAB1B00B4621A /* Traffic light.app */,
				22F03C8C2D4AAB2100B4621A /* Traffic lightTests.xctest */,
				22F03C962D4AAB2100B4621A /* Traffic lightUITests.xctest */,
			);
			name = Products;
			sourceTree = "<group>";
		};
/* End PBXGroup section */

/* Begin PBXNativeTarget section */
		22F03C752D4AAB1B00B4621A /* Traffic light */ = {
			isa = PBXNativeTarget;
			buildConfigurationList = 22F03C9F2D4AAB2100B4621A /* Build configuration list for PBXNativeTarget "Traffic light" */;
			buildPhases = (
				22F03C722D4AAB1B00B4621A /* Sources */,
				22F03C732D4AAB1B00B4621A /* Frameworks */,
				22F03C742D4AAB1B00B4621A /* Resources */,
			);
			buildRules = (
			);
			dependencies = (
			);
			fileSystemSynchronizedGroups = (
				22F03C782D4AAB1B00B4621A /* Traffic light */,
			);
			name = "Traffic light";
			packageProductDependencies = (
			);
			productName = "Traffic light";
			productReference = 22F03C762D4AAB1B00B4621A /* Traffic light.app */;
			productType = "com.apple.product-type.application";
		};
		22F03C8B2D4AAB2100B4621A /* Traffic lightTests */ = {
			isa = PBXNativeTarget;
			buildConfigurationList = 22F03CA42D4AAB2100B4621A /* Build configuration list for PBXNativeTarget "Traffic lightTests" */;
			buildPhases = (
				22F03C882D4AAB2100B4621A /* Sources */,
				22F03C892D4AAB2100B4621A /* Frameworks */,
				22F03C8A2D4AAB2100B4621A /* Resources */,
			);
			buildRules = (
			);
			dependencies = (
				22F03C8E2D4AAB2100B4621A /* PBXTargetDependency */,
			);
			fileSystemSynchronizedGroups = (
				22F03C8F2D4AAB2100B4621A /* Traffic lightTests */,
			);
			name = "Traffic lightTests";
			packageProductDependencies = (
			);
			productName = "Traffic lightTests";
			productReference = 22F03C8C2D4AAB2100B4621A /* Traffic lightTests.xctest */;
			productType = "com.apple.product-type.bundle.unit-test";
		};
		22F03C952D4AAB2100B4621A /* Traffic lightUITests */ = {
			isa = PBXNativeTarget;
			buildConfigurationList = 22F03CA72D4AAB2100B4621A /* Build configuration list for PBXNativeTarget "Traffic lightUITests" */;
			buildPhases = (
				22F03C922D4AAB2100B4621A /* Sources */,
				22F03C932D4AAB2100B4621A /* Frameworks */,
				22F03C942D4AAB2100B4621A /* Resources */,
			);
			buildRules = (
			);
			dependencies = (
				22F03C982D4AAB2100B4621A /* PBXTargetDependency */,
			);
			fileSystemSynchronizedGroups = (
				22F03C992D4AAB2100B4621A /* Traffic lightUITests */,
			);
			name = "Traffic lightUITests";
			packageProductDependencies = (
			);
			productName = "Traffic lightUITests";
			productReference = 22F03C962D4AAB2100B4621A /* Traffic lightUITests.xctest */;
			productType = "com.apple.product-type.bundle.ui-testing";
		};
/* End PBXNativeTarget section */

/* Begin PBXProject section */
		22F03C6E2D4AAB1B00B4621A /* Project object */ = {
			isa = PBXProject;
			attributes = {
				BuildIndependentTargetsInParallel = 1;
				LastSwiftUpdateCheck = 1620;
				LastUpgradeCheck = 1620;
				TargetAttributes = {
					22F03C752D4AAB1B00B4621A = {
						CreatedOnToolsVersion = 16.2;
					};
					22F03C8B2D4AAB2100B4621A = {
						CreatedOnToolsVersion = 16.2;
						TestTargetID = 22F03C752D4AAB1B00B4621A;
					};
					22F03C952D4AAB2100B4621A = {
						CreatedOnToolsVersion = 16.2;
						TestTargetID = 22F03C752D4AAB1B00B4621A;
					};
				};
			};
			buildConfigurationList = 22F03C712D4AAB1B00B4621A /* Build configuration list for PBXProject "Traffic light" */;
			developmentRegion = en;
			hasScannedForEncodings = 0;
			knownRegions = (
				en,
				Base,
			);
			mainGroup = 22F03C6D2D4AAB1B00B4621A;
			minimizedProjectReferenceProxies = 1;
			preferredProjectObjectVersion = 77;
			productRefGroup = 22F03C772D4AAB1B00B4621A /* Products */;
			projectDirPath = "";
			projectRoot = "";
			targets = (
				22F03C752D4AAB1B00B4621A /* Traffic light */,
				22F03C8B2D4AAB2100B4621A /* Traffic lightTests */,
				22F03C952D4AAB2100B4621A /* Traffic lightUITests */,
			);
		};
/* End PBXProject section */

/* Begin PBXResourcesBuildPhase section */
		22F03C742D4AAB1B00B4621A /* Resources */ = {
			isa = PBXResourcesBuildPhase;
			buildActionMask = 2147483647;
			files = (
			);
			runOnlyForDeploymentPostprocessing = 0;
		};
		22F03C8A2D4AAB2100B4621A /* Resources */ = {
			isa = PBXResourcesBuildPhase;
			buildActionMask = 2147483647;
			files = (
			);
			runOnlyForDeploymentPostprocessing = 0;
		};
		22F03C942D4AAB2100B4621A /* Resources */ = {
			isa = PBXResourcesBuildPhase;
			buildActionMask = 2147483647;
			files = (
			);
			runOnlyForDeploymentPostprocessing = 0;
		};
/* End PBXResourcesBuildPhase section */

/* Begin PBXSourcesBuildPhase section */
		22F03C722D4AAB1B00B4621A /* Sources */ = {
			isa = PBXSourcesBuildPhase;
			buildActionMask = 2147483647;
			files = (
			);
			runOnlyForDeploymentPostprocessing = 0;
		};
		22F03C882D4AAB2100B4621A /* Sources */ = {
			isa = PBXSourcesBuildPhase;
			buildActionMask = 2147483647;
			files = (
			);
			runOnlyForDeploymentPostprocessing = 0;
		};
		22F03C922D4AAB2100B4621A /* Sources */ = {
			isa = PBXSourcesBuildPhase;
			buildActionMask = 2147483647;
			files = (
			);
			runOnlyForDeploymentPostprocessing = 0;
		};
/* End PBXSourcesBuildPhase section */

/* Begin PBXTargetDependency section */
		22F03C8E2D4AAB2100B4621A /* PBXTargetDependency */ = {
			isa = PBXTargetDependency;
			target = 22F03C752D4AAB1B00B4621A /* Traffic light */;
			targetProxy = 22F03C8D2D4AAB2100B4621A /* PBXContainerItemProxy */;
		};
		22F03C982D4AAB2100B4621A /* PBXTargetDependency */ = {
			isa = PBXTargetDependency;
			target = 22F03C752D4AAB1B00B4621A /* Traffic light */;
			targetProxy = 22F03C972D4AAB2100B4621A /* PBXContainerItemProxy */;
		};
/* End PBXTargetDependency section */

/* Begin XCBuildConfiguration section */
		22F03CA02D4AAB2100B4621A /* Debug */ = {
			isa = XCBuildConfiguration;
			buildSettings = {
				ASSETCATALOG_COMPILER_APPICON_NAME = AppIcon;
				ASSETCATALOG_COMPILER_GLOBAL_ACCENT_COLOR_NAME = AccentColor;
				CODE_SIGN_STYLE = Automatic;
				CURRENT_PROJECT_VERSION = 1;
				GENERATE_INFOPLIST_FILE = YES;
				INFOPLIST_FILE = "Traffic light/Info.plist";
				INFOPLIST_KEY_UIApplicationSupportsIndirectInputEvents = YES;
				INFOPLIST_KEY_UILaunchStoryboardName = LaunchScreen;
				INFOPLIST_KEY_UIMainStoryboardFile = Main;
				INFOPLIST_KEY_UISupportedInterfaceOrientations_iPad = "UIInterfaceOrientationPortrait UIInterfaceOrientationPortraitUpsideDown UIInterfaceOrientationLandscapeLeft UIInterfaceOrientationLandscapeRight";
				INFOPLIST_KEY_UISupportedInterfaceOrientations_iPhone = "UIInterfaceOrientationPortrait UIInterfaceOrientationLandscapeLeft UIInterfaceOrientationLandscapeRight";
				IPHONEOS_DEPLOYMENT_TARGET = 17.6;
				LD_RUNPATH_SEARCH_PATHS = (
					"$(inherited)",
					"@executable_path/Frameworks",
				);
				MARKETING_VERSION = 1.0;
				PRODUCT_BUNDLE_IDENTIFIER = "Ilya-Feklin.Traffic-light";
				PRODUCT_NAME = "$(TARGET_NAME)";
				SUPPORTED_PLATFORMS = "iphoneos iphonesimulator";
				SUPPORTS_MACCATALYST = NO;
				SUPPORTS_MAC_DESIGNED_FOR_IPHONE_IPAD = NO;
				SUPPORTS_XR_DESIGNED_FOR_IPHONE_IPAD = NO;
				SWIFT_EMIT_LOC_STRINGS = YES;
				SWIFT_VERSION = 5.0;
				TARGETED_DEVICE_FAMILY = 1;
			};
			name = Debug;
		};
		22F03CA12D4AAB2100B4621A /* Release */ = {
			isa = XCBuildConfiguration;
			buildSettings = {
				ASSETCATALOG_COMPILER_APPICON_NAME = AppIcon;
				ASSETCATALOG_COMPILER_GLOBAL_ACCENT_COLOR_NAME = AccentColor;
				CODE_SIGN_STYLE = Automatic;
				CURRENT_PROJECT_VERSION = 1;
				GENERATE_INFOPLIST_FILE = YES;
				INFOPLIST_FILE = "Traffic light/Info.plist";
				INFOPLIST_KEY_UIApplicationSupportsIndirectInputEvents = YES;
				INFOPLIST_KEY_UILaunchStoryboardName = LaunchScreen;
				INFOPLIST_KEY_UIMainStoryboardFile = Main;
				INFOPLIST_KEY_UISupportedInterfaceOrientations_iPad = "UIInterfaceOrientationPortrait UIInterfaceOrientationPortraitUpsideDown UIInterfaceOrientationLandscapeLeft UIInterfaceOrientationLandscapeRight";
				INFOPLIST_KEY_UISupportedInterfaceOrientations_iPhone = "UIInterfaceOrientationPortrait UIInterfaceOrientationLandscapeLeft UIInterfaceOrientationLandscapeRight";
				IPHONEOS_DEPLOYMENT_TARGET = 17.6;
				LD_RUNPATH_SEARCH_PATHS = (
					"$(inherited)",
					"@executable_path/Frameworks",
				);
				MARKETING_VERSION = 1.0;
				PRODUCT_BUNDLE_IDENTIFIER = "Ilya-Feklin.Traffic-light";
				PRODUCT_NAME = "$(TARGET_NAME)";
				SUPPORTED_PLATFORMS = "iphoneos iphonesimulator";
				SUPPORTS_MACCATALYST = NO;
				SUPPORTS_MAC_DESIGNED_FOR_IPHONE_IPAD = NO;
				SUPPORTS_XR_DESIGNED_FOR_IPHONE_IPAD = NO;
				SWIFT_EMIT_LOC_STRINGS = YES;
				SWIFT_VERSION = 5.0;
				TARGETED_DEVICE_FAMILY = 1;
			};
			name = Release;
		};
		22F03CA22D4AAB2100B4621A /* Debug */ = {
			isa = XCBuildConfiguration;
			buildSettings = {
				ALWAYS_SEARCH_USER_PATHS = NO;
				ASSETCATALOG_COMPILER_GENERATE_SWIFT_ASSET_SYMBOL_EXTENSIONS = YES;
				CLANG_ANALYZER_NONNULL = YES;
				CLANG_ANALYZER_NUMBER_OBJECT_CONVERSION = YES_AGGRESSIVE;
				CLANG_CXX_LANGUAGE_STANDARD = "gnu++20";
				CLANG_ENABLE_MODULES = YES;
				CLANG_ENABLE_OBJC_ARC = YES;
				CLANG_ENABLE_OBJC_WEAK = YES;
				CLANG_WARN_BLOCK_CAPTURE_AUTORELEASING = YES;
				CLANG_WARN_BOOL_CONVERSION = YES;
				CLANG_WARN_COMMA = YES;
				CLANG_WARN_CONSTANT_CONVERSION = YES;
				CLANG_WARN_DEPRECATED_OBJC_IMPLEMENTATIONS = YES;
				CLANG_WARN_DIRECT_OBJC_ISA_USAGE = YES_ERROR;
				CLANG_WARN_DOCUMENTATION_COMMENTS = YES;
				CLANG_WARN_EMPTY_BODY = YES;
				CLANG_WARN_ENUM_CONVERSION = YES;
				CLANG_WARN_INFINITE_RECURSION = YES;
				CLANG_WARN_INT_CONVERSION = YES;
				CLANG_WARN_NON_LITERAL_NULL_CONVERSION = YES;
				CLANG_WARN_OBJC_IMPLICIT_RETAIN_SELF = YES;
				CLANG_WARN_OBJC_LITERAL_CONVERSION = YES;
				CLANG_WARN_OBJC_ROOT_CLASS = YES_ERROR;
				CLANG_WARN_QUOTED_INCLUDE_IN_FRAMEWORK_HEADER = YES;
				CLANG_WARN_RANGE_LOOP_ANALYSIS = YES;
				CLANG_WARN_STRICT_PROTOTYPES = YES;
				CLANG_WARN_SUSPICIOUS_MOVE = YES;
				CLANG_WARN_UNGUARDED_AVAILABILITY = YES_AGGRESSIVE;
				CLANG_WARN_UNREACHABLE_CODE = YES;
				CLANG_WARN__DUPLICATE_METHOD_MATCH = YES;
				COPY_PHASE_STRIP = NO;
				DEBUG_INFORMATION_FORMAT = dwarf;
				ENABLE_STRICT_OBJC_MSGSEND = YES;
				ENABLE_TESTABILITY = YES;
				ENABLE_USER_SCRIPT_SANDBOXING = YES;
				GCC_C_LANGUAGE_STANDARD = gnu17;
				GCC_DYNAMIC_NO_PIC = NO;
				GCC_NO_COMMON_BLOCKS = YES;
				GCC_OPTIMIZATION_LEVEL = 0;
				GCC_PREPROCESSOR_DEFINITIONS = (
					"DEBUG=1",
					"$(inherited)",
				);
				GCC_WARN_64_TO_32_BIT_CONVERSION = YES;
				GCC_WARN_ABOUT_RETURN_TYPE = YES_ERROR;
				GCC_WARN_UNDECLARED_SELECTOR = YES;
				GCC_WARN_UNINITIALIZED_AUTOS = YES_AGGRESSIVE;
				GCC_WARN_UNUSED_FUNCTION = YES;
				GCC_WARN_UNUSED_VARIABLE = YES;
				IPHONEOS_DEPLOYMENT_TARGET = 18.2;
				LOCALIZATION_PREFERS_STRING_CATALOGS = YES;
				MTL_ENABLE_DEBUG_INFO = INCLUDE_SOURCE;
				MTL_FAST_MATH = YES;
				ONLY_ACTIVE_ARCH = YES;
				SDKROOT = iphoneos;
				SWIFT_ACTIVE_COMPILATION_CONDITIONS = "DEBUG $(inherited)";
				SWIFT_OPTIMIZATION_LEVEL = "-Onone";
			};
			name = Debug;
		};
		22F03CA32D4AAB2100B4621A /* Release */ = {
			isa = XCBuildConfiguration;
			buildSettings = {
				ALWAYS_SEARCH_USER_PATHS = NO;
				ASSETCATALOG_COMPILER_GENERATE_SWIFT_ASSET_SYMBOL_EXTENSIONS = YES;
				CLANG_ANALYZER_NONNULL = YES;
				CLANG_ANALYZER_NUMBER_OBJECT_CONVERSION = YES_AGGRESSIVE;
				CLANG_CXX_LANGUAGE_STANDARD = "gnu++20";
				CLANG_ENABLE_MODULES = YES;
				CLANG_ENABLE_OBJC_ARC = YES;
				CLANG_ENABLE_OBJC_WEAK = YES;
				CLANG_WARN_BLOCK_CAPTURE_AUTORELEASING = YES;
				CLANG_WARN_BOOL_CONVERSION = YES;
				CLANG_WARN_COMMA = YES;
				CLANG_WARN_CONSTANT_CONVERSION = YES;
				CLANG_WARN_DEPRECATED_OBJC_IMPLEMENTATIONS = YES;
				CLANG_WARN_DIRECT_OBJC_ISA_USAGE = YES_ERROR;
				CLANG_WARN_DOCUMENTATION_COMMENTS = YES;
				CLANG_WARN_EMPTY_BODY = YES;
				CLANG_WARN_ENUM_CONVERSION = YES;
				CLANG_WARN_INFINITE_RECURSION = YES;
				CLANG_WARN_INT_CONVERSION = YES;
				CLANG_WARN_NON_LITERAL_NULL_CONVERSION = YES;
				CLANG_WARN_OBJC_IMPLICIT_RETAIN_SELF = YES;
				CLANG_WARN_OBJC_LITERAL_CONVERSION = YES;
				CLANG_WARN_OBJC_ROOT_CLASS = YES_ERROR;
				CLANG_WARN_QUOTED_INCLUDE_IN_FRAMEWORK_HEADER = YES;
				CLANG_WARN_RANGE_LOOP_ANALYSIS = YES;
				CLANG_WARN_STRICT_PROTOTYPES = YES;
				CLANG_WARN_SUSPICIOUS_MOVE = YES;
				CLANG_WARN_UNGUARDED_AVAILABILITY = YES_AGGRESSIVE;
				CLANG_WARN_UNREACHABLE_CODE = YES;
				CLANG_WARN__DUPLICATE_METHOD_MATCH = YES;
				COPY_PHASE_STRIP = NO;
				DEBUG_INFORMATION_FORMAT = "dwarf-with-dsym";
				ENABLE_NS_ASSERTIONS = NO;
				ENABLE_STRICT_OBJC_MSGSEND = YES;
				ENABLE_USER_SCRIPT_SANDBOXING = YES;
				GCC_C_LANGUAGE_STANDARD = gnu17;
				GCC_NO_COMMON_BLOCKS = YES;
				GCC_WARN_64_TO_32_BIT_CONVERSION = YES;
				GCC_WARN_ABOUT_RETURN_TYPE = YES_ERROR;
				GCC_WARN_UNDECLARED_SELECTOR = YES;
				GCC_WARN_UNINITIALIZED_AUTOS = YES_AGGRESSIVE;
				GCC_WARN_UNUSED_FUNCTION = YES;
				GCC_WARN_UNUSED_VARIABLE = YES;
				IPHONEOS_DEPLOYMENT_TARGET = 18.2;
				LOCALIZATION_PREFERS_STRING_CATALOGS = YES;
				MTL_ENABLE_DEBUG_INFO = NO;
				MTL_FAST_MATH = YES;
				SDKROOT = iphoneos;
				SWIFT_COMPILATION_MODE = wholemodule;
				VALIDATE_PRODUCT = YES;
			};
			name = Release;
		};
		22F03CA52D4AAB2100B4621A /* Debug */ = {
			isa = XCBuildConfiguration;
			buildSettings = {
				BUNDLE_LOADER = "$(TEST_HOST)";
				CODE_SIGN_STYLE = Automatic;
				CURRENT_PROJECT_VERSION = 1;
				GENERATE_INFOPLIST_FILE = YES;
				IPHONEOS_DEPLOYMENT_TARGET = 18.2;
				MARKETING_VERSION = 1.0;
				PRODUCT_BUNDLE_IDENTIFIER = "Ilya-Feklin.Traffic-lightTests";
				PRODUCT_NAME = "$(TARGET_NAME)";
				SWIFT_EMIT_LOC_STRINGS = NO;
				SWIFT_VERSION = 5.0;
				TARGETED_DEVICE_FAMILY = "1,2";
				TEST_HOST = "$(BUILT_PRODUCTS_DIR)/Traffic light.app/$(BUNDLE_EXECUTABLE_FOLDER_PATH)/Traffic light";
			};
			name = Debug;
		};
		22F03CA62D4AAB2100B4621A /* Release */ = {
			isa = XCBuildConfiguration;
			buildSettings = {
				BUNDLE_LOADER = "$(TEST_HOST)";
				CODE_SIGN_STYLE = Automatic;
				CURRENT_PROJECT_VERSION = 1;
				GENERATE_INFOPLIST_FILE = YES;
				IPHONEOS_DEPLOYMENT_TARGET = 18.2;
				MARKETING_VERSION = 1.0;
				PRODUCT_BUNDLE_IDENTIFIER = "Ilya-Feklin.Traffic-lightTests";
				PRODUCT_NAME = "$(TARGET_NAME)";
				SWIFT_EMIT_LOC_STRINGS = NO;
				SWIFT_VERSION = 5.0;
				TARGETED_DEVICE_FAMILY = "1,2";
				TEST_HOST = "$(BUILT_PRODUCTS_DIR)/Traffic light.app/$(BUNDLE_EXECUTABLE_FOLDER_PATH)/Traffic light";
			};
			name = Release;
		};
		22F03CA82D4AAB2100B4621A /* Debug */ = {
			isa = XCBuildConfiguration;
			buildSettings = {
				CODE_SIGN_STYLE = Automatic;
				CURRENT_PROJECT_VERSION = 1;
				GENERATE_INFOPLIST_FILE = YES;
				MARKETING_VERSION = 1.0;
				PRODUCT_BUNDLE_IDENTIFIER = "Ilya-Feklin.Traffic-lightUITests";
				PRODUCT_NAME = "$(TARGET_NAME)";
				SWIFT_EMIT_LOC_STRINGS = NO;
				SWIFT_VERSION = 5.0;
				TARGETED_DEVICE_FAMILY = "1,2";
				TEST_TARGET_NAME = "Traffic light";
			};
			name = Debug;
		};
		22F03CA92D4AAB2100B4621A /* Release */ = {
			isa = XCBuildConfiguration;
			buildSettings = {
				CODE_SIGN_STYLE = Automatic;
				CURRENT_PROJECT_VERSION = 1;
				GENERATE_INFOPLIST_FILE = YES;
				MARKETING_VERSION = 1.0;
				PRODUCT_BUNDLE_IDENTIFIER = "Ilya-Feklin.Traffic-lightUITests";
				PRODUCT_NAME = "$(TARGET_NAME)";
				SWIFT_EMIT_LOC_STRINGS = NO;
				SWIFT_VERSION = 5.0;
				TARGETED_DEVICE_FAMILY = "1,2";
				TEST_TARGET_NAME = "Traffic light";
			};
			name = Release;
		};
/* End XCBuildConfiguration section */

/* Begin XCConfigurationList section */
		22F03C712D4AAB1B00B4621A /* Build configuration list for PBXProject "Traffic light" */ = {
			isa = XCConfigurationList;
			buildConfigurations = (
				22F03CA22D4AAB2100B4621A /* Debug */,
				22F03CA32D4AAB2100B4621A /* Release */,
			);
			defaultConfigurationIsVisible = 0;
			defaultConfigurationName = Release;
		};
		22F03C9F2D4AAB2100B4621A /* Build configuration list for PBXNativeTarget "Traffic light" */ = {
			isa = XCConfigurationList;
			buildConfigurations = (
				22F03CA02D4AAB2100B4621A /* Debug */,
				22F03CA12D4AAB2100B4621A /* Release */,
			);
			defaultConfigurationIsVisible = 0;
			defaultConfigurationName = Release;
		};
		22F03CA42D4AAB2100B4621A /* Build configuration list for PBXNativeTarget "Traffic lightTests" */ = {
			isa = XCConfigurationList;
			buildConfigurations = (
				22F03CA52D4AAB2100B4621A /* Debug */,
				22F03CA62D4AAB2100B4621A /* Release */,
			);
			defaultConfigurationIsVisible = 0;
			defaultConfigurationName = Release;
		};
		22F03CA72D4AAB2100B4621A /* Build configuration list for PBXNativeTarget "Traffic lightUITests" */ = {
			isa = XCConfigurationList;
			buildConfigurations = (
				22F03CA82D4AAB2100B4621A /* Debug */,
				22F03CA92D4AAB2100B4621A /* Release */,
			);
			defaultConfigurationIsVisible = 0;
			defaultConfigurationName = Release;
		};
/* End XCConfigurationList section */
	};
	rootObject = 22F03C6E2D4AAB1B00B4621A /* Project object */;
}
